
Microsoft Visual Studio Solution File, Format Version 12.00
# Visual Studio Version 16
VisualStudioVersion = 16.0.29613.14
MinimumVisualStudioVersion = 10.0.40219.1
Project("{9A19103F-16F7-4668-BE54-9A1E7A4F7556}") = "Anunturi.Mobile", "..\DAA.Mobile.CSR\Anunturi.Mobile.csproj", "{99748D17-8A58-4C8A-B74B-69DDD70DDBA9}"
EndProject
Project("{FAE04EC0-301F-11D3-BF4B-00C04F79EFBC}") = "Anunturi.Mobile.Android", "..\DAA.Mobile.CSR.Android\Anunturi.Mobile.Android.csproj", "{DDBDBFFB-5A65-4BFE-A29D-B42F8DECE25B}"
EndProject
Global
	GlobalSection(SolutionConfigurationPlatforms) = preSolution
		Debug|Any CPU = Debug|Any CPU
		Release|Any CPU = Release|Any CPU
	EndGlobalSection
	GlobalSection(ProjectConfigurationPlatforms) = postSolution
		{99748D17-8A58-4C8A-B74B-69DDD70DDBA9}.Debug|Any CPU.ActiveCfg = Debug|Any CPU
		{99748D17-8A58-4C8A-B74B-69DDD70DDBA9}.Debug|Any CPU.Build.0 = Debug|Any CPU
		{99748D17-8A58-4C8A-B74B-69DDD70DDBA9}.Release|Any CPU.ActiveCfg = Release|Any CPU
		{99748D17-8A58-4C8A-B74B-69DDD70DDBA9}.Release|Any CPU.Build.0 = Release|Any CPU
		{DDBDBFFB-5A65-4BFE-A29D-B42F8DECE25B}.Debug|Any CPU.ActiveCfg = Debug|Any CPU
		{DDBDBFFB-5A65-4BFE-A29D-B42F8DECE25B}.Debug|Any CPU.Build.0 = Debug|Any CPU
		{DDBDBFFB-5A65-4BFE-A29D-B42F8DECE25B}.Debug|Any CPU.Deploy.0 = Debug|Any CPU
		{DDBDBFFB-5A65-4BFE-A29D-B42F8DECE25B}.Release|Any CPU.ActiveCfg = Release|Any CPU
		{DDBDBFFB-5A65-4BFE-A29D-B42F8DECE25B}.Release|Any CPU.Build.0 = Release|Any CPU
		{DDBDBFFB-5A65-4BFE-A29D-B42F8DECE25B}.Release|Any CPU.Deploy.0 = Release|Any CPU
	EndGlobalSection
	GlobalSection(SolutionProperties) = preSolution
		HideSolutionNode = FALSE
	EndGlobalSection
	GlobalSection(ExtensibilityGlobals) = postSolution
		SolutionGuid = {07CC05FC-5086-49AE-BB50-EF8D55F37943}
	EndGlobalSection
EndGlobal
